
Microsoft Visual Studio Solution File, Format Version 12.00
# Visual Studio Version 17
VisualStudioVersion = 17.13.35931.197
MinimumVisualStudioVersion = 10.0.40219.1
Project("{8BC9CEB8-8B4A-11D0-8D11-00A0C91BC942}") = "Game", "Game\Game.vcxproj", "{57EC17E3-218E-4B2C-8DE5-EF1C8E363D81}"
EndProject
Project("{8BC9CEB8-8B4A-11D0-8D11-00A0C91BC942}") = "Engine", "Engine\Engine.vcxproj", "{B6C51B7C-94D1-420B-87BF-41B85A8E20FA}"
EndProject
Global
	GlobalSection(SolutionConfigurationPlatforms) = preSolution
		Debug|x64 = Debug|x64
		Debug|x86 = Debug|x86
		Release|x64 = Release|x64
		Release|x86 = Release|x86
	EndGlobalSection
	GlobalSection(ProjectConfigurationPlatforms) = postSolution
		{57EC17E3-218E-4B2C-8DE5-EF1C8E363D81}.Debug|x64.ActiveCfg = Debug|x64
		{57EC17E3-218E-4B2C-8DE5-EF1C8E363D81}.Debug|x64.Build.0 = Debug|x64
		{57EC17E3-218E-4B2C-8DE5-EF1C8E363D81}.Debug|x86.ActiveCfg = Debug|Win32
		{57EC17E3-218E-4B2C-8DE5-EF1C8E363D81}.Debug|x86.Build.0 = Debug|Win32
		{57EC17E3-218E-4B2C-8DE5-EF1C8E363D81}.Release|x64.ActiveCfg = Release|x64
		{57EC17E3-218E-4B2C-8DE5-EF1C8E363D81}.Release|x64.Build.0 = Release|x64
		{57EC17E3-218E-4B2C-8DE5-EF1C8E363D81}.Release|x86.ActiveCfg = Release|Win32
		{57EC17E3-218E-4B2C-8DE5-EF1C8E363D81}.Release|x86.Build.0 = Release|Win32
		{B6C51B7C-94D1-420B-87BF-41B85A8E20FA}.Debug|x64.ActiveCfg = Debug|x64
		{B6C51B7C-94D1-420B-87BF-41B85A8E20FA}.Debug|x64.Build.0 = Debug|x64
		{B6C51B7C-94D1-420B-87BF-41B85A8E20FA}.Debug|x86.ActiveCfg = Debug|Win32
		{B6C51B7C-94D1-420B-87BF-41B85A8E20FA}.Debug|x86.Build.0 = Debug|Win32
		{B6C51B7C-94D1-420B-87BF-41B85A8E20FA}.Release|x64.ActiveCfg = Release|x64
		{B6C51B7C-94D1-420B-87BF-41B85A8E20FA}.Release|x64.Build.0 = Release|x64
		{B6C51B7C-94D1-420B-87BF-41B85A8E20FA}.Release|x86.ActiveCfg = Release|Win32
		{B6C51B7C-94D1-420B-87BF-41B85A8E20FA}.Release|x86.Build.0 = Release|Win32
	EndGlobalSection
	GlobalSection(SolutionProperties) = preSolution
		HideSolutionNode = FALSE
	EndGlobalSection
	GlobalSection(ExtensibilityGlobals) = postSolution
		SolutionGuid = {97838942-F81A-4A97-A326-E7570F30F286}
	EndGlobalSection
EndGlobal
